
Microsoft Visual Studio Solution File, Format Version 12.00
# Visual Studio Version 16
VisualStudioVersion = 16.0.31005.135
MinimumVisualStudioVersion = 10.0.40219.1
Project("{9A19103F-16F7-4668-BE54-9A1E7A4F7556}") = "WriteTextFile", "File Manager\WriteTextFile.csproj", "{AA34C20F-F13A-4262-950D-628727925AAA}"
EndProject
Global
	GlobalSection(SolutionConfigurationPlatforms) = preSolution
		Debug|Any CPU = Debug|Any CPU
		Release|Any CPU = Release|Any CPU
	EndGlobalSection
	GlobalSection(ProjectConfigurationPlatforms) = postSolution
		{AA34C20F-F13A-4262-950D-628727925AAA}.Debug|Any CPU.ActiveCfg = Debug|Any CPU
		{AA34C20F-F13A-4262-950D-628727925AAA}.Debug|Any CPU.Build.0 = Debug|Any CPU
		{AA34C20F-F13A-4262-950D-628727925AAA}.Release|Any CPU.ActiveCfg = Release|Any CPU
		{AA34C20F-F13A-4262-950D-628727925AAA}.Release|Any CPU.Build.0 = Release|Any CPU
	EndGlobalSection
	GlobalSection(SolutionProperties) = preSolution
		HideSolutionNode = FALSE
	EndGlobalSection
	GlobalSection(ExtensibilityGlobals) = postSolution
		SolutionGuid = {B818E0EA-61B1-446B-958F-85E82D63A64E}
	EndGlobalSection
EndGlobal
